
Microsoft Visual Studio Solution File, Format Version 12.00
# Visual Studio 15
VisualStudioVersion = 15.0.27703.2000
MinimumVisualStudioVersion = 10.0.40219.1
Project("{9A19103F-16F7-4668-BE54-9A1E7A4F7556}") = "FluentSsis", "src\FluentSsis\FluentSsis.csproj", "{46B8636E-341E-4A10-A4CF-D8D5EA678893}"
EndProject
Project("{9A19103F-16F7-4668-BE54-9A1E7A4F7556}") = "FluentSsis.Tests", "src\FluentSsis.Tests\FluentSsis.Tests.csproj", "{1A1237C3-1330-49A3-93D0-7AFEE61BF7A2}"
EndProject
Global
	GlobalSection(SolutionConfigurationPlatforms) = preSolution
		Debug|Any CPU = Debug|Any CPU
		Release|Any CPU = Release|Any CPU
	EndGlobalSection
	GlobalSection(ProjectConfigurationPlatforms) = postSolution
		{46B8636E-341E-4A10-A4CF-D8D5EA678893}.Debug|Any CPU.ActiveCfg = Debug|Any CPU
		{46B8636E-341E-4A10-A4CF-D8D5EA678893}.Debug|Any CPU.Build.0 = Debug|Any CPU
		{46B8636E-341E-4A10-A4CF-D8D5EA678893}.Release|Any CPU.ActiveCfg = Release|Any CPU
		{46B8636E-341E-4A10-A4CF-D8D5EA678893}.Release|Any CPU.Build.0 = Release|Any CPU
		{1A1237C3-1330-49A3-93D0-7AFEE61BF7A2}.Debug|Any CPU.ActiveCfg = Debug|Any CPU
		{1A1237C3-1330-49A3-93D0-7AFEE61BF7A2}.Debug|Any CPU.Build.0 = Debug|Any CPU
		{1A1237C3-1330-49A3-93D0-7AFEE61BF7A2}.Release|Any CPU.ActiveCfg = Release|Any CPU
		{1A1237C3-1330-49A3-93D0-7AFEE61BF7A2}.Release|Any CPU.Build.0 = Release|Any CPU
	EndGlobalSection
	GlobalSection(SolutionProperties) = preSolution
		HideSolutionNode = FALSE
	EndGlobalSection
	GlobalSection(ExtensibilityGlobals) = postSolution
		SolutionGuid = {52E290E8-151B-46D1-978E-1118EB95B15B}
	EndGlobalSection
EndGlobal
